
Microsoft Visual Studio Solution File, Format Version 12.00
# Visual Studio Version 17
VisualStudioVersion = 17.0.31912.275
MinimumVisualStudioVersion = 10.0.40219.1
Project("{FAE04EC0-301F-11D3-BF4B-00C04F79EFBC}") = "WebApp", "WebApp.csproj", "{17EBA1D5-C055-4B1C-96CA-5B2AD1EF3405}"
EndProject
Global
	GlobalSection(SolutionConfigurationPlatforms) = preSolution
		Debug|Any CPU = Debug|Any CPU
		Release|Any CPU = Release|Any CPU
	EndGlobalSection
	GlobalSection(ProjectConfigurationPlatforms) = postSolution
		{17EBA1D5-C055-4B1C-96CA-5B2AD1EF3405}.Debug|Any CPU.ActiveCfg = Debug|Any CPU
		{17EBA1D5-C055-4B1C-96CA-5B2AD1EF3405}.Debug|Any CPU.Build.0 = Debug|Any CPU
		{17EBA1D5-C055-4B1C-96CA-5B2AD1EF3405}.Release|Any CPU.ActiveCfg = Release|Any CPU
		{17EBA1D5-C055-4B1C-96CA-5B2AD1EF3405}.Release|Any CPU.Build.0 = Release|Any CPU
	EndGlobalSection
	GlobalSection(SolutionProperties) = preSolution
		HideSolutionNode = FALSE
	EndGlobalSection
	GlobalSection(ExtensibilityGlobals) = postSolution
		SolutionGuid = {030BA3E5-8AE7-40D4-AB1B-4CBACE49500C}
	EndGlobalSection
EndGlobal
