
Microsoft Visual Studio Solution File, Format Version 12.00
# Visual Studio 15
VisualStudioVersion = 15.0.28307.102
MinimumVisualStudioVersion = 10.0.40219.1
Project("{9A19103F-16F7-4668-BE54-9A1E7A4F7556}") = "CalculatorApi", "CalculatorApi.csproj", "{BCEC2DF6-F8A2-4DE9-A172-52FB619813FA}"
EndProject
Global
	GlobalSection(SolutionConfigurationPlatforms) = preSolution
		Debug|Any CPU = Debug|Any CPU
		Release|Any CPU = Release|Any CPU
	EndGlobalSection
	GlobalSection(ProjectConfigurationPlatforms) = postSolution
		{BCEC2DF6-F8A2-4DE9-A172-52FB619813FA}.Debug|Any CPU.ActiveCfg = Debug|Any CPU
		{BCEC2DF6-F8A2-4DE9-A172-52FB619813FA}.Debug|Any CPU.Build.0 = Debug|Any CPU
		{BCEC2DF6-F8A2-4DE9-A172-52FB619813FA}.Release|Any CPU.ActiveCfg = Release|Any CPU
		{BCEC2DF6-F8A2-4DE9-A172-52FB619813FA}.Release|Any CPU.Build.0 = Release|Any CPU
	EndGlobalSection
	GlobalSection(SolutionProperties) = preSolution
		HideSolutionNode = FALSE
	EndGlobalSection
	GlobalSection(ExtensibilityGlobals) = postSolution
		SolutionGuid = {9B2E2F2E-2222-458C-98D1-97A0C41D53BC}
	EndGlobalSection
EndGlobal
